<?xml version="1.0" encoding="utf-8"?>
<Project ToolsVersion="4.0" xmlns="http://schemas.microsoft.com/developer/msbuild/2003">
  <ItemGroup>
    <ClCompile Include="main.cpp" />
  </ItemGroup>
  <ItemGroup>
    <Filter Include="Library">
      <UniqueIdentifier>{4bc186a1-3228-4498-bfc8-9f74d0a5b48d}</UniqueIdentifier>
    </Filter>
    <Filter Include="Library\AloneTemplateLibrary">
      <UniqueIdentifier>{6695c0dd-648f-4d19-8b35-1ec1337acd76}</UniqueIdentifier>
    </Filter>
    <Filter Include="Library\AloneTemplateLibrary\UserInterface">
      <UniqueIdentifier>{93781ca1-3e65-4fd2-a06d-b533c2518b7c}</UniqueIdentifier>
    </Filter>
    <Filter Include="Library\AloneTemplateLibrary\AbstractBaseClasses">
      <UniqueIdentifier>{7cd5d741-3d01-42e8-91fb-ac82e526ac75}</UniqueIdentifier>
    </Filter>
    <Filter Include="Library\AloneTemplateLibrary\Manager">
      <UniqueIdentifier>{6adc8348-b734-481f-a939-c211d7fb2b57}</UniqueIdentifier>
    </Filter>
    <Filter Include="Library\AloneTemplateLibrary\Util">
      <UniqueIdentifier>{84ab16a8-f67c-4845-a8eb-a5d55a502f3f}</UniqueIdentifier>
    </Filter>
    <Filter Include="Library\AloneTemplateLibrary\Manager\EventManager">
      <UniqueIdentifier>{21f9ff89-8d5d-47be-add5-db1e3d15c0d4}</UniqueIdentifier>
    </Filter>
    <Filter Include="Library\AloneTemplateLibrary\ThreadSafe">
      <UniqueIdentifier>{bf59ac69-1cb8-45f0-9a7f-06b6e039abfd}</UniqueIdentifier>
    </Filter>
    <Filter Include="Library\AloneTemplateLibrary\EventSystem">
      <UniqueIdentifier>{64d8739c-3957-42bd-bab5-d63fee16412b}</UniqueIdentifier>
    </Filter>
  </ItemGroup>
  <ItemGroup>
    <ClInclude Include="lib\atl\manager\TextureManager.hpp">
      <Filter>Library\AloneTemplateLibrary\Manager</Filter>
    </ClInclude>
    <ClInclude Include="lib\atl\abc\Loadable.hpp">
      <Filter>Library\AloneTemplateLibrary\AbstractBaseClasses</Filter>
    </ClInclude>
    <ClInclude Include="lib\atl\abc\Runnable.hpp">
      <Filter>Library\AloneTemplateLibrary\AbstractBaseClasses</Filter>
    </ClInclude>
    <ClInclude Include="lib\atl\abc\Manager.hpp">
      <Filter>Library\AloneTemplateLibrary\AbstractBaseClasses</Filter>
    </ClInclude>
    <ClInclude Include="lib\atl\abc\RandomAccessible.hpp">
      <Filter>Library\AloneTemplateLibrary\AbstractBaseClasses</Filter>
    </ClInclude>
    <ClInclude Include="lib\atl\manager\AudioManager.hpp">
      <Filter>Library\AloneTemplateLibrary\Manager</Filter>
    </ClInclude>
    <ClInclude Include="lib\atl\util\Functions.hpp">
      <Filter>Library\AloneTemplateLibrary\Util</Filter>
    </ClInclude>
    <ClInclude Include="lib\atl\thread_safe\Queue.hpp">
      <Filter>Library\AloneTemplateLibrary\ThreadSafe</Filter>
    </ClInclude>
    <ClInclude Include="lib\atl\manager\ThreadPool.hpp">
      <Filter>Library\AloneTemplateLibrary\Manager</Filter>
    </ClInclude>
    <ClInclude Include="lib\atl\util\Shared.hpp">
      <Filter>Library\AloneTemplateLibrary\Util</Filter>
    </ClInclude>
    <ClInclude Include="lib\atl\util\Unique.hpp">
      <Filter>Library\AloneTemplateLibrary\Util</Filter>
    </ClInclude>
    <ClInclude Include="lib\atl\event_system\Publisher.hpp">
      <Filter>Library\AloneTemplateLibrary\EventSystem</Filter>
    </ClInclude>
    <ClInclude Include="lib\atl\event_system\Event.hpp">
      <Filter>Library\AloneTemplateLibrary\EventSystem</Filter>
    </ClInclude>
    <ClInclude Include="lib\atl\event_system\Listener.hpp">
      <Filter>Library\AloneTemplateLibrary\EventSystem</Filter>
    </ClInclude>
    <ClInclude Include="lib\atl\event_system\MethodListener.hpp">
      <Filter>Library\AloneTemplateLibrary\EventSystem</Filter>
    </ClInclude>
    <ClInclude Include="lib\atl\event_system\FunctorListener.hpp">
      <Filter>Library\AloneTemplateLibrary\EventSystem</Filter>
    </ClInclude>
  </ItemGroup>
</Project>