<?xml version="1.0" encoding="utf-8"?>
<Project ToolsVersion="4.0" xmlns="http://schemas.microsoft.com/developer/msbuild/2003">
  <ItemGroup>
    <ClCompile Include="main.cpp" />
  </ItemGroup>
  <ItemGroup>
    <Filter Include="Resources %28res%29">
      <UniqueIdentifier>{63095b11-b365-4b2d-a5f5-f49ac84d7f3f}</UniqueIdentifier>
    </Filter>
    <Filter Include="Resources %28res%29\ui">
      <UniqueIdentifier>{ae36c2db-a66b-49fe-b538-90a5522805e4}</UniqueIdentifier>
    </Filter>
    <Filter Include="Resources %28res%29\textures">
      <UniqueIdentifier>{18d8c340-c4e1-405c-9ecd-e9b159a6f3b5}</UniqueIdentifier>
    </Filter>
    <Filter Include="Resources %28res%29\settings">
      <UniqueIdentifier>{c1b3ea69-c241-44ed-92d9-1290275b7a8f}</UniqueIdentifier>
    </Filter>
    <Filter Include="Library %28lib%29">
      <UniqueIdentifier>{4bc186a1-3228-4498-bfc8-9f74d0a5b48d}</UniqueIdentifier>
    </Filter>
    <Filter Include="Library %28lib%29\AloneTemplateLibrary %28atl%29">
      <UniqueIdentifier>{6695c0dd-648f-4d19-8b35-1ec1337acd76}</UniqueIdentifier>
    </Filter>
    <Filter Include="Library %28lib%29\AloneTemplateLibrary %28atl%29\AbstractBaseClasses %28abc%29">
      <UniqueIdentifier>{7cd5d741-3d01-42e8-91fb-ac82e526ac75}</UniqueIdentifier>
    </Filter>
    <Filter Include="Library %28lib%29\AloneTemplateLibrary %28atl%29\EventSystem %28event_system%29">
      <UniqueIdentifier>{64d8739c-3957-42bd-bab5-d63fee16412b}</UniqueIdentifier>
    </Filter>
    <Filter Include="Library %28lib%29\AloneTemplateLibrary %28atl%29\Manager %28manager%29">
      <UniqueIdentifier>{6adc8348-b734-481f-a939-c211d7fb2b57}</UniqueIdentifier>
    </Filter>
    <Filter Include="Library %28lib%29\AloneTemplateLibrary %28atl%29\ThreadSafe %28thread_safe%29">
      <UniqueIdentifier>{bf59ac69-1cb8-45f0-9a7f-06b6e039abfd}</UniqueIdentifier>
    </Filter>
    <Filter Include="Library %28lib%29\AloneTemplateLibrary %28atl%29\UserInterface %28ui%29">
      <UniqueIdentifier>{93781ca1-3e65-4fd2-a06d-b533c2518b7c}</UniqueIdentifier>
    </Filter>
    <Filter Include="Library %28lib%29\AloneTemplateLibrary %28atl%29\Util %28util%29">
      <UniqueIdentifier>{84ab16a8-f67c-4845-a8eb-a5d55a502f3f}</UniqueIdentifier>
    </Filter>
    <Filter Include="Library %28lib%29\AloneTemplateLibrary %28atl%29\GameTools %28game_tools%29">
      <UniqueIdentifier>{d8951de2-8d18-449a-aeee-852f761e1f69}</UniqueIdentifier>
    </Filter>
  </ItemGroup>
  <ItemGroup>
    <ClInclude Include="lib\atl\manager\TextureManager.hpp">
      <Filter>Library %28lib%29\AloneTemplateLibrary %28atl%29\Manager %28manager%29</Filter>
    </ClInclude>
    <ClInclude Include="lib\atl\abc\Loadable.hpp">
      <Filter>Library %28lib%29\AloneTemplateLibrary %28atl%29\AbstractBaseClasses %28abc%29</Filter>
    </ClInclude>
    <ClInclude Include="lib\atl\abc\Runnable.hpp">
      <Filter>Library %28lib%29\AloneTemplateLibrary %28atl%29\AbstractBaseClasses %28abc%29</Filter>
    </ClInclude>
    <ClInclude Include="lib\atl\abc\Manager.hpp">
      <Filter>Library %28lib%29\AloneTemplateLibrary %28atl%29\AbstractBaseClasses %28abc%29</Filter>
    </ClInclude>
    <ClInclude Include="lib\atl\abc\RandomAccessible.hpp">
      <Filter>Library %28lib%29\AloneTemplateLibrary %28atl%29\AbstractBaseClasses %28abc%29</Filter>
    </ClInclude>
    <ClInclude Include="lib\atl\manager\AudioManager.hpp">
      <Filter>Library %28lib%29\AloneTemplateLibrary %28atl%29\Manager %28manager%29</Filter>
    </ClInclude>
    <ClInclude Include="lib\atl\util\Functions.hpp">
      <Filter>Library %28lib%29\AloneTemplateLibrary %28atl%29\Util %28util%29</Filter>
    </ClInclude>
    <ClInclude Include="lib\atl\manager\ThreadPool.hpp">
      <Filter>Library %28lib%29\AloneTemplateLibrary %28atl%29\Manager %28manager%29</Filter>
    </ClInclude>
    <ClInclude Include="lib\atl\event_system\Publisher.hpp">
      <Filter>Library %28lib%29\AloneTemplateLibrary %28atl%29\EventSystem %28event_system%29</Filter>
    </ClInclude>
    <ClInclude Include="lib\atl\event_system\Event.hpp">
      <Filter>Library %28lib%29\AloneTemplateLibrary %28atl%29\EventSystem %28event_system%29</Filter>
    </ClInclude>
    <ClInclude Include="lib\atl\event_system\Listener.hpp">
      <Filter>Library %28lib%29\AloneTemplateLibrary %28atl%29\EventSystem %28event_system%29</Filter>
    </ClInclude>
    <ClInclude Include="lib\atl\event_system\MethodListener.hpp">
      <Filter>Library %28lib%29\AloneTemplateLibrary %28atl%29\EventSystem %28event_system%29</Filter>
    </ClInclude>
    <ClInclude Include="lib\atl\event_system\FunctorListener.hpp">
      <Filter>Library %28lib%29\AloneTemplateLibrary %28atl%29\EventSystem %28event_system%29</Filter>
    </ClInclude>
    <ClInclude Include="lib\atl\thread_safe\Queue.hpp">
      <Filter>Library %28lib%29\AloneTemplateLibrary %28atl%29\ThreadSafe %28thread_safe%29</Filter>
    </ClInclude>
    <ClInclude Include="lib\atl\game_tools\GameWindow.hpp">
      <Filter>Library %28lib%29\AloneTemplateLibrary %28atl%29\GameTools %28game_tools%29</Filter>
    </ClInclude>
    <ClInclude Include="lib\atl\ui\TextBox.hpp">
      <Filter>Library %28lib%29\AloneTemplateLibrary %28atl%29\UserInterface %28ui%29</Filter>
    </ClInclude>
    <ClInclude Include="lib\atl\manager\UiRenderer.hpp">
      <Filter>Library %28lib%29\AloneTemplateLibrary %28atl%29\Manager %28manager%29</Filter>
    </ClInclude>
    <ClInclude Include="lib\atl\abc\UiElement.hpp">
      <Filter>Library %28lib%29\AloneTemplateLibrary %28atl%29\AbstractBaseClasses %28abc%29</Filter>
    </ClInclude>
    <ClInclude Include="lib\atl\ui\Element.hpp">
      <Filter>Library %28lib%29\AloneTemplateLibrary %28atl%29\UserInterface %28ui%29</Filter>
    </ClInclude>
    <ClInclude Include="lib\atl\abc\Renderer.hpp">
      <Filter>Library %28lib%29\AloneTemplateLibrary %28atl%29\AbstractBaseClasses %28abc%29</Filter>
    </ClInclude>
    <ClInclude Include="lib\atl\util\Modifiers.hpp">
      <Filter>Library %28lib%29\AloneTemplateLibrary %28atl%29\Util %28util%29</Filter>
    </ClInclude>
    <ClInclude Include="lib\atl\game_tools\TileMap.hpp">
      <Filter>Library %28lib%29\AloneTemplateLibrary %28atl%29\GameTools %28game_tools%29</Filter>
    </ClInclude>
    <ClInclude Include="lib\atl\util\RenderRegion.hpp">
      <Filter>Library %28lib%29\AloneTemplateLibrary %28atl%29\Util %28util%29</Filter>
    </ClInclude>
    <ClInclude Include="lib\atl\game_tools\Core.hpp">
      <Filter>Library %28lib%29\AloneTemplateLibrary %28atl%29\GameTools %28game_tools%29</Filter>
    </ClInclude>
    <ClInclude Include="lib\atl\abc\TomlLoadable.hpp">
      <Filter>Library %28lib%29\AloneTemplateLibrary %28atl%29\AbstractBaseClasses %28abc%29</Filter>
    </ClInclude>
    <ClInclude Include="lib\atl\abc\XmlLoadable.hpp">
      <Filter>Library %28lib%29\AloneTemplateLibrary %28atl%29\AbstractBaseClasses %28abc%29</Filter>
    </ClInclude>
    <ClInclude Include="lib\atl\abc\JsonLoadable.hpp">
      <Filter>Library %28lib%29\AloneTemplateLibrary %28atl%29\AbstractBaseClasses %28abc%29</Filter>
    </ClInclude>
    <ClInclude Include="lib\atl\util\Matrix.hpp">
      <Filter>Library %28lib%29\AloneTemplateLibrary %28atl%29\Util %28util%29</Filter>
    </ClInclude>
    <ClInclude Include="lib\atl\game_tools\Map.hpp">
      <Filter>Library %28lib%29\AloneTemplateLibrary %28atl%29\GameTools %28game_tools%29</Filter>
    </ClInclude>
    <ClInclude Include="lib\atl\game_tools\Tile.hpp">
      <Filter>Library %28lib%29\AloneTemplateLibrary %28atl%29\GameTools %28game_tools%29</Filter>
    </ClInclude>
    <ClInclude Include="lib\atl\abc\FlatLoadable.hpp">
      <Filter>Library %28lib%29\AloneTemplateLibrary %28atl%29\AbstractBaseClasses %28abc%29</Filter>
    </ClInclude>
    <ClInclude Include="lib\atl\util\FlatLoader.hpp">
      <Filter>Library %28lib%29\AloneTemplateLibrary %28atl%29\Util %28util%29</Filter>
    </ClInclude>
    <ClInclude Include="lib\atl\abc\Drawable.hpp">
      <Filter>Library %28lib%29\AloneTemplateLibrary %28atl%29\AbstractBaseClasses %28abc%29</Filter>
    </ClInclude>
  </ItemGroup>
  <ItemGroup>
    <None Include="res\settings\config.toml">
      <Filter>Resources %28res%29\settings</Filter>
    </None>
    <None Include="res\settings\textures.toml">
      <Filter>Resources %28res%29\settings</Filter>
    </None>
  </ItemGroup>
  <ItemGroup>
    <Font Include="res\settings\ptserif.ttf">
      <Filter>Resources %28res%29\settings</Filter>
    </Font>
  </ItemGroup>
  <ItemGroup>
    <Image Include="res\textures\madoka magica.jpg">
      <Filter>Resources %28res%29\textures</Filter>
    </Image>
  </ItemGroup>
  <ItemGroup>
    <Xml Include="res\ui\test.xml">
      <Filter>Resources %28res%29\ui</Filter>
    </Xml>
  </ItemGroup>
</Project>